
Microsoft Visual Studio Solution File, Format Version 12.00
# Visual Studio Version 16
VisualStudioVersion = 16.0.810.19
MinimumVisualStudioVersion = 10.0.40219.1
Project("{FAE04EC0-301F-11D3-BF4B-00C04F79EFBC}") = "StaticExercise", "StaticExercise\StaticExercise.csproj", "{9FAEA362-541D-4628-A690-2011C34410CA}"
EndProject
Global
	GlobalSection(SolutionConfigurationPlatforms) = preSolution
		Debug|Any CPU = Debug|Any CPU
		Release|Any CPU = Release|Any CPU
	EndGlobalSection
	GlobalSection(ProjectConfigurationPlatforms) = postSolution
		{9FAEA362-541D-4628-A690-2011C34410CA}.Debug|Any CPU.ActiveCfg = Debug|Any CPU
		{9FAEA362-541D-4628-A690-2011C34410CA}.Debug|Any CPU.Build.0 = Debug|Any CPU
		{9FAEA362-541D-4628-A690-2011C34410CA}.Release|Any CPU.ActiveCfg = Release|Any CPU
		{9FAEA362-541D-4628-A690-2011C34410CA}.Release|Any CPU.Build.0 = Release|Any CPU
	EndGlobalSection
	GlobalSection(SolutionProperties) = preSolution
		HideSolutionNode = FALSE
	EndGlobalSection
	GlobalSection(ExtensibilityGlobals) = postSolution
		SolutionGuid = {0D4B985B-4502-4335-B23F-827E8A3101F8}
	EndGlobalSection
EndGlobal
